# This file is automatically @generated by Poetry 1.8.2 and should not be changed by hand.

[[package]]
name = "munch"
version = "4.0.0"
description = "A dot-accessible dictionary (a la JavaScript objects)"
optional = false
python-versions = ">=3.6"
files = [
    {file = "munch-4.0.0-py2.py3-none-any.whl", hash = "sha256:71033c45db9fb677a0b7eb517a4ce70ae09258490e419b0e7f00d1e386ecb1b4"},
    {file = "munch-4.0.0.tar.gz", hash = "sha256:542cb151461263216a4e37c3fd9afc425feeaf38aaa3025cd2a981fadb422235"},
]

[package.extras]
testing = ["astroid (>=2.0)", "coverage", "pylint (>=2.3.1,<2.4.0)", "pytest"]
yaml = ["PyYAML (>=5.1.0)"]

[metadata]
lock-version = "2.0"
python-versions = "^3.8"
content-hash = "f3a5023f0825beb8ba8fee8e26181bcb20f71707c495365a1565ba7386271ce3"
